
Microsoft Visual Studio Solution File, Format Version 12.00
# Visual Studio Version 17
VisualStudioVersion = 17.0.31903.59
MinimumVisualStudioVersion = 10.0.40219.1
Project("{9A19103F-16F7-4668-BE54-9A1E7A4F7556}") = "PrecisionCrop", "PrecisionCrop.csproj", "{87BE7C6F-8A23-46F0-87D7-114A69E47197}"
EndProject
Global
	GlobalSection(SolutionConfigurationPlatforms) = preSolution
		Debug|Any CPU = Debug|Any CPU
		Release|Any CPU = Release|Any CPU
	EndGlobalSection
	GlobalSection(ProjectConfigurationPlatforms) = postSolution
		{87BE7C6F-8A23-46F0-87D7-114A69E47197}.Debug|Any CPU.ActiveCfg = Debug|Any CPU
		{87BE7C6F-8A23-46F0-87D7-114A69E47197}.Debug|Any CPU.Build.0 = Debug|Any CPU
		{87BE7C6F-8A23-46F0-87D7-114A69E47197}.Release|Any CPU.ActiveCfg = Release|Any CPU
		{87BE7C6F-8A23-46F0-87D7-114A69E47197}.Release|Any CPU.Build.0 = Release|Any CPU
	EndGlobalSection
	GlobalSection(SolutionProperties) = preSolution
		HideSolutionNode = FALSE
	EndGlobalSection
	GlobalSection(ExtensibilityGlobals) = postSolution
		SolutionGuid = {FB5AB9F9-673F-49EE-B15A-0C3FFA2B9804}
	EndGlobalSection
EndGlobal
